PODS:
  - Alamofire (4.8.1)
  - Moya (12.0.1):
    - Moya/Core (= 12.0.1)
  - Moya-ObjectMapper (2.7):
    - Moya-ObjectMapper/Core (= 2.7)
  - Moya-ObjectMapper/Core (2.7):
    - Moya (~> 12.0)
    - ObjectMapper (~> 3.4)
  - Moya-ObjectMapper/ReactiveSwift (2.7):
    - Moya-ObjectMapper/Core (~> 2.7)
    - Moya/ReactiveSwift
    - ReactiveSwift
  - Moya-ObjectMapper/RxSwift (2.7):
    - Moya-ObjectMapper/Core (~> 2.7)
    - RxSwift (~> 4)
  - Moya/Core (12.0.1):
    - Alamofire (~> 4.1)
    - Result (~> 4.0)
  - Moya/ReactiveSwift (12.0.1):
    - Moya/Core
    - ReactiveSwift (~> 4.0)
  - ObjectMapper (3.4.2)
  - ReactiveSwift (4.0.0):
    - Result (~> 4.1)
  - Result (4.1.0)
  - RxAtomic (4.4.0)
  - RxSwift (4.4.0):
    - RxAtomic (~> 4.4)

DEPENDENCIES:
  - Moya
  - Moya-ObjectMapper (from `../`)
  - Moya-ObjectMapper/ReactiveSwift (from `../`)
  - Moya-ObjectMapper/RxSwift (from `../`)
  - ObjectMapper
  - ReactiveSwift (from `https://github.com/ReactiveCocoa/ReactiveSwift`)
  - RxSwift

SPEC REPOS:
  https://github.com/cocoapods/specs.git:
    - Alamofire
    - Moya
    - ObjectMapper
    - Result
    - RxAtomic
    - RxSwift

EXTERNAL SOURCES:
  Moya-ObjectMapper:
    :path: "../"
  ReactiveSwift:
    :git: https://github.com/ReactiveCocoa/ReactiveSwift

CHECKOUT OPTIONS:
  ReactiveSwift:
    :commit: 38b9f2858f886235f0e8bbd161d0b2a4a9331a72
    :git: https://github.com/ReactiveCocoa/ReactiveSwift

SPEC CHECKSUMS:
  Alamofire: 16ce2c353fb72865124ddae8a57c5942388f4f11
  Moya: cf730b3cd9e005401ef37a85143aa141a12fd38f
  Moya-ObjectMapper: 75a0e64d4bb6b005c3e966006ada8b95a873e280
  ObjectMapper: 0d4402610f4e468903ae64629eec4784531e5c51
  ReactiveSwift: efdc731422239141a33765f87f512e9df57e7e81
  Result: bd966fac789cc6c1563440b348ab2598cc24d5c7
  RxAtomic: eacf60db868c96bfd63320e28619fe29c179656f
  RxSwift: 5976ecd04fc2fefd648827c23de5e11157faa973

PODFILE CHECKSUM: 6a68ed66742dca82f647318524d4fede23951228

COCOAPODS: 1.6.0.beta.2
